// !$*UTF8*$!
{
	archiveVersion = 1;
	classes = {
	};
	objectVersion = 46;
	objects = {

/* Begin PBXBuildFile section */
		872ED76319ECD64200D57EFD /* main.m in Sources */ = {isa = PBXBuildFile; fileRef = 872ED76219ECD64200D57EFD /* main.m */; };
		872ED76619ECD64200D57EFD /* AppDelegate.m in Sources */ = {isa = PBXBuildFile; fileRef = 872ED76519ECD64200D57EFD /* AppDelegate.m */; };
		872ED76919ECD64200D57EFD /* ViewController.m in Sources */ = {isa = PBXBuildFile; fileRef = 872ED76819ECD64200D57EFD /* ViewController.m */; };
		872ED76C19ECD64200D57EFD /* Main.storyboard in Resources */ = {isa = PBXBuildFile; fileRef = 872ED76A19ECD64200D57EFD /* Main.storyboard */; };
		872ED76E19ECD64200D57EFD /* Images.xcassets in Resources */ = {isa = PBXBuildFile; fileRef = 872ED76D19ECD64200D57EFD /* Images.xcassets */; };
		872ED77119ECD64200D57EFD /* LaunchScreen.xib in Resources */ = {isa = PBXBuildFile; fileRef = 872ED76F19ECD64200D57EFD /* LaunchScreen.xib */; };
		872ED77D19ECD64200D57EFD /* rottenFilmsTests.m in Sources */ = {isa = PBXBuildFile; fileRef = 872ED77C19ECD64200D57EFD /* rottenFilmsTests.m */; };
		872ED78919ECD71E00D57EFD /* MovieListViewController.m in Sources */ = {isa = PBXBuildFile; fileRef = 872ED78719ECD71E00D57EFD /* MovieListViewController.m */; };
		872ED78A19ECD71E00D57EFD /* MovieListViewController.xib in Resources */ = {isa = PBXBuildFile; fileRef = 872ED78819ECD71E00D57EFD /* MovieListViewController.xib */; };
		872ED78E19ECDCDA00D57EFD /* MovieTableViewCell.m in Sources */ = {isa = PBXBuildFile; fileRef = 872ED78C19ECDCDA00D57EFD /* MovieTableViewCell.m */; };
		872ED78F19ECDCDA00D57EFD /* MovieTableViewCell.xib in Resources */ = {isa = PBXBuildFile; fileRef = 872ED78D19ECDCDA00D57EFD /* MovieTableViewCell.xib */; };
		87D81A4A19ECECF8002F2E6E /* MovieDetailViewController.m in Sources */ = {isa = PBXBuildFile; fileRef = 87D81A4819ECECF8002F2E6E /* MovieDetailViewController.m */; };
		87D81A4B19ECECF8002F2E6E /* MovieDetailViewController.xib in Resources */ = {isa = PBXBuildFile; fileRef = 87D81A4919ECECF8002F2E6E /* MovieDetailViewController.xib */; };
		DE71EF338AF083F80B5B63D8 /* libPods.a in Frameworks */ = {isa = PBXBuildFile; fileRef = 27B06FBEE6F5849DCDB67802 /* libPods.a */; };
/* End PBXBuildFile section */

/* Begin PBXContainerItemProxy section */
		872ED77719ECD64200D57EFD /* PBXContainerItemProxy */ = {
			isa = PBXContainerItemProxy;
			containerPortal = 872ED75519ECD64200D57EFD /* Project object */;
			proxyType = 1;
			remoteGlobalIDString = 872ED75C19ECD64200D57EFD;
			remoteInfo = rottenFilms;
		};
/* End PBXContainerItemProxy section */

/* Begin PBXFileReference section */
		2749D58EB8DECA54AECB229C /* Pods.debug.xcconfig */ = {isa = PBXFileReference; includeInIndex = 1; lastKnownFileType = text.xcconfig; name = Pods.debug.xcconfig; path = "Pods/Target Support Files/Pods/Pods.debug.xcconfig"; sourceTree = "<group>"; };
		27B06FBEE6F5849DCDB67802 /* libPods.a */ = {isa = PBXFileReference; explicitFileType = archive.ar; includeInIndex = 0; path = libPods.a; sourceTree = BUILT_PRODUCTS_DIR; };
		2C9D7F9C2B04236A84E04CAA /* Pods.release.xcconfig */ = {isa = PBXFileReference; includeInIndex = 1; lastKnownFileType = text.xcconfig; name = Pods.release.xcconfig; path = "Pods/Target Support Files/Pods/Pods.release.xcconfig"; sourceTree = "<group>"; };
		872ED75D19ECD64200D57EFD /* rottenFilms.app */ = {isa = PBXFileReference; explicitFileType = wrapper.application; includeInIndex = 0; path = rottenFilms.app; sourceTree = BUILT_PRODUCTS_DIR; };
		872ED76119ECD64200D57EFD /* Info.plist */ = {isa = PBXFileReference; lastKnownFileType = text.plist.xml; path = Info.plist; sourceTree = "<group>"; };
		872ED76219ECD64200D57EFD /* main.m */ = {isa = PBXFileReference; lastKnownFileType = sourcecode.c.objc; path = main.m; sourceTree = "<group>"; };
		872ED76419ECD64200D57EFD /* AppDelegate.h */ = {isa = PBXFileReference; lastKnownFileType = sourcecode.c.h; path = AppDelegate.h; sourceTree = "<group>"; };
		872ED76519ECD64200D57EFD /* AppDelegate.m */ = {isa = PBXFileReference; lastKnownFileType = sourcecode.c.objc; path = AppDelegate.m; sourceTree = "<group>"; };
		872ED76719ECD64200D57EFD /* ViewController.h */ = {isa = PBXFileReference; lastKnownFileType = sourcecode.c.h; path = ViewController.h; sourceTree = "<group>"; };
		872ED76819ECD64200D57EFD /* ViewController.m */ = {isa = PBXFileReference; lastKnownFileType = sourcecode.c.objc; path = ViewController.m; sourceTree = "<group>"; };
		872ED76B19ECD64200D57EFD /* Base */ = {isa = PBXFileReference; lastKnownFileType = file.storyboard; name = Base; path = Base.lproj/Main.storyboard; sourceTree = "<group>"; };
		872ED76D19ECD64200D57EFD /* Images.xcassets */ = {isa = PBXFileReference; lastKnownFileType = folder.assetcatalog; path = Images.xcassets; sourceTree = "<group>"; };
		872ED77019ECD64200D57EFD /* Base */ = {isa = PBXFileReference; lastKnownFileType = file.xib; name = Base; path = Base.lproj/LaunchScreen.xib; sourceTree = "<group>"; };
		872ED77619ECD64200D57EFD /* rottenFilmsTests.xctest */ = {isa = PBXFileReference; explicitFileType = wrapper.cfbundle; includeInIndex = 0; path = rottenFilmsTests.xctest; sourceTree = BUILT_PRODUCTS_DIR; };
		872ED77B19ECD64200D57EFD /* Info.plist */ = {isa = PBXFileReference; lastKnownFileType = text.plist.xml; path = Info.plist; sourceTree = "<group>"; };
		872ED77C19ECD64200D57EFD /* rottenFilmsTests.m */ = {isa = PBXFileReference; lastKnownFileType = sourcecode.c.objc; path = rottenFilmsTests.m; sourceTree = "<group>"; };
		872ED78619ECD71E00D57EFD /* MovieListViewController.h */ = {isa = PBXFileReference; fileEncoding = 4; lastKnownFileType = sourcecode.c.h; path = MovieListViewController.h; sourceTree = "<group>"; };
		872ED78719ECD71E00D57EFD /* MovieListViewController.m */ = {isa = PBXFileReference; fileEncoding = 4; lastKnownFileType = sourcecode.c.objc; path = MovieListViewController.m; sourceTree = "<group>"; };
		872ED78819ECD71E00D57EFD /* MovieListViewController.xib */ = {isa = PBXFileReference; fileEncoding = 4; lastKnownFileType = file.xib; path = MovieListViewController.xib; sourceTree = "<group>"; };
		872ED78B19ECDCDA00D57EFD /* MovieTableViewCell.h */ = {isa = PBXFileReference; fileEncoding = 4; lastKnownFileType = sourcecode.c.h; path = MovieTableViewCell.h; sourceTree = "<group>"; };
		872ED78C19ECDCDA00D57EFD /* MovieTableViewCell.m */ = {isa = PBXFileReference; fileEncoding = 4; lastKnownFileType = sourcecode.c.objc; path = MovieTableViewCell.m; sourceTree = "<group>"; };
		872ED78D19ECDCDA00D57EFD /* MovieTableViewCell.xib */ = {isa = PBXFileReference; fileEncoding = 4; lastKnownFileType = file.xib; path = MovieTableViewCell.xib; sourceTree = "<group>"; };
		87D81A4719ECECF8002F2E6E /* MovieDetailViewController.h */ = {isa = PBXFileReference; fileEncoding = 4; lastKnownFileType = sourcecode.c.h; path = MovieDetailViewController.h; sourceTree = "<group>"; };
		87D81A4819ECECF8002F2E6E /* MovieDetailViewController.m */ = {isa = PBXFileReference; fileEncoding = 4; lastKnownFileType = sourcecode.c.objc; path = MovieDetailViewController.m; sourceTree = "<group>"; };
		87D81A4919ECECF8002F2E6E /* MovieDetailViewController.xib */ = {isa = PBXFileReference; fileEncoding = 4; lastKnownFileType = file.xib; path = MovieDetailViewController.xib; sourceTree = "<group>"; };
/* End PBXFileReference section */

/* Begin PBXFrameworksBuildPhase section */
		872ED75A19ECD64200D57EFD /* Frameworks */ = {
			isa = PBXFrameworksBuildPhase;
			buildActionMask = 2147483647;
			files = (
				DE71EF338AF083F80B5B63D8 /* libPods.a in Frameworks */,
			);
			runOnlyForDeploymentPostprocessing = 0;
		};
		872ED77319ECD64200D57EFD /* Frameworks */ = {
			isa = PBXFrameworksBuildPhase;
			buildActionMask = 2147483647;
			files = (
			);
			runOnlyForDeploymentPostprocessing = 0;
		};
/* End PBXFrameworksBuildPhase section */

/* Begin PBXGroup section */
		6303B8DF65854E9EEC1FBD9E /* Pods */ = {
			isa = PBXGroup;
			children = (
				2749D58EB8DECA54AECB229C /* Pods.debug.xcconfig */,
				2C9D7F9C2B04236A84E04CAA /* Pods.release.xcconfig */,
			);
			name = Pods;
			sourceTree = "<group>";
		};
		872ED75419ECD64200D57EFD = {
			isa = PBXGroup;
			children = (
				872ED75F19ECD64200D57EFD /* rottenFilms */,
				872ED77919ECD64200D57EFD /* rottenFilmsTests */,
				872ED75E19ECD64200D57EFD /* Products */,
				6303B8DF65854E9EEC1FBD9E /* Pods */,
				B4CDB5EAE258D98F18417D21 /* Frameworks */,
			);
			sourceTree = "<group>";
		};
		872ED75E19ECD64200D57EFD /* Products */ = {
			isa = PBXGroup;
			children = (
				872ED75D19ECD64200D57EFD /* rottenFilms.app */,
				872ED77619ECD64200D57EFD /* rottenFilmsTests.xctest */,
			);
			name = Products;
			sourceTree = "<group>";
		};
		872ED75F19ECD64200D57EFD /* rottenFilms */ = {
			isa = PBXGroup;
			children = (
				872ED76419ECD64200D57EFD /* AppDelegate.h */,
				872ED76519ECD64200D57EFD /* AppDelegate.m */,
				872ED76719ECD64200D57EFD /* ViewController.h */,
				872ED76819ECD64200D57EFD /* ViewController.m */,
				872ED76A19ECD64200D57EFD /* Main.storyboard */,
				872ED76D19ECD64200D57EFD /* Images.xcassets */,
				872ED76F19ECD64200D57EFD /* LaunchScreen.xib */,
				872ED76019ECD64200D57EFD /* Supporting Files */,
				872ED78619ECD71E00D57EFD /* MovieListViewController.h */,
				872ED78719ECD71E00D57EFD /* MovieListViewController.m */,
				872ED78819ECD71E00D57EFD /* MovieListViewController.xib */,
				87D81A4719ECECF8002F2E6E /* MovieDetailViewController.h */,
				87D81A4819ECECF8002F2E6E /* MovieDetailViewController.m */,
				87D81A4919ECECF8002F2E6E /* MovieDetailViewController.xib */,
				872ED78B19ECDCDA00D57EFD /* MovieTableViewCell.h */,
				872ED78C19ECDCDA00D57EFD /* MovieTableViewCell.m */,
				872ED78D19ECDCDA00D57EFD /* MovieTableViewCell.xib */,
			);
			path = rottenFilms;
			sourceTree = "<group>";
		};
		872ED76019ECD64200D57EFD /* Supporting Files */ = {
			isa = PBXGroup;
			children = (
				872ED76119ECD64200D57EFD /* Info.plist */,
				872ED76219ECD64200D57EFD /* main.m */,
			);
			name = "Supporting Files";
			sourceTree = "<group>";
		};
		872ED77919ECD64200D57EFD /* rottenFilmsTests */ = {
			isa = PBXGroup;
			children = (
				872ED77C19ECD64200D57EFD /* rottenFilmsTests.m */,
				872ED77A19ECD64200D57EFD /* Supporting Files */,
			);
			path = rottenFilmsTests;
			sourceTree = "<group>";
		};
		872ED77A19ECD64200D57EFD /* Supporting Files */ = {
			isa = PBXGroup;
			children = (
				872ED77B19ECD64200D57EFD /* Info.plist */,
			);
			name = "Supporting Files";
			sourceTree = "<group>";
		};
		B4CDB5EAE258D98F18417D21 /* Frameworks */ = {
			isa = PBXGroup;
			children = (
				27B06FBEE6F5849DCDB67802 /* libPods.a */,
			);
			name = Frameworks;
			sourceTree = "<group>";
		};
/* End PBXGroup section */

/* Begin PBXNativeTarget section */
		872ED75C19ECD64200D57EFD /* rottenFilms */ = {
			isa = PBXNativeTarget;
			buildConfigurationList = 872ED78019ECD64200D57EFD /* Build configuration list for PBXNativeTarget "rottenFilms" */;
			buildPhases = (
				0A0616AF775F919C90178053 /* Check Pods Manifest.lock */,
				872ED75919ECD64200D57EFD /* Sources */,
				872ED75A19ECD64200D57EFD /* Frameworks */,
				872ED75B19ECD64200D57EFD /* Resources */,
				6374014A2AC8633AEDE0BF5D /* Copy Pods Resources */,
			);
			buildRules = (
			);
			dependencies = (
			);
			name = rottenFilms;
			productName = rottenFilms;
			productReference = 872ED75D19ECD64200D57EFD /* rottenFilms.app */;
			productType = "com.apple.product-type.application";
		};
		872ED77519ECD64200D57EFD /* rottenFilmsTests */ = {
			isa = PBXNativeTarget;
			buildConfigurationList = 872ED78319ECD64200D57EFD /* Build configuration list for PBXNativeTarget "rottenFilmsTests" */;
			buildPhases = (
				872ED77219ECD64200D57EFD /* Sources */,
				872ED77319ECD64200D57EFD /* Frameworks */,
				872ED77419ECD64200D57EFD /* Resources */,
			);
			buildRules = (
			);
			dependencies = (
				872ED77819ECD64200D57EFD /* PBXTargetDependency */,
			);
			name = rottenFilmsTests;
			productName = rottenFilmsTests;
			productReference = 872ED77619ECD64200D57EFD /* rottenFilmsTests.xctest */;
			productType = "com.apple.product-type.bundle.unit-test";
		};
/* End PBXNativeTarget section */

/* Begin PBXProject section */
		872ED75519ECD64200D57EFD /* Project object */ = {
			isa = PBXProject;
			attributes = {
				LastUpgradeCheck = 0600;
				ORGANIZATIONNAME = "Eugene Pan";
				TargetAttributes = {
					872ED75C19ECD64200D57EFD = {
						CreatedOnToolsVersion = 6.0.1;
					};
					872ED77519ECD64200D57EFD = {
						CreatedOnToolsVersion = 6.0.1;
						TestTargetID = 872ED75C19ECD64200D57EFD;
					};
				};
			};
			buildConfigurationList = 872ED75819ECD64200D57EFD /* Build configuration list for PBXProject "rottenFilms" */;
			compatibilityVersion = "Xcode 3.2";
			developmentRegion = English;
			hasScannedForEncodings = 0;
			knownRegions = (
				en,
				Base,
			);
			mainGroup = 872ED75419ECD64200D57EFD;
			productRefGroup = 872ED75E19ECD64200D57EFD /* Products */;
			projectDirPath = "";
			projectRoot = "";
			targets = (
				872ED75C19ECD64200D57EFD /* rottenFilms */,
				872ED77519ECD64200D57EFD /* rottenFilmsTests */,
			);
		};
/* End PBXProject section */

/* Begin PBXResourcesBuildPhase section */
		872ED75B19ECD64200D57EFD /* Resources */ = {
			isa = PBXResourcesBuildPhase;
			buildActionMask = 2147483647;
			files = (
				87D81A4B19ECECF8002F2E6E /* MovieDetailViewController.xib in Resources */,
				872ED76C19ECD64200D57EFD /* Main.storyboard in Resources */,
				872ED78F19ECDCDA00D57EFD /* MovieTableViewCell.xib in Resources */,
				872ED77119ECD64200D57EFD /* LaunchScreen.xib in Resources */,
				872ED76E19ECD64200D57EFD /* Images.xcassets in Resources */,
				872ED78A19ECD71E00D57EFD /* MovieListViewController.xib in Resources */,
			);
			runOnlyForDeploymentPostprocessing = 0;
		};
		872ED77419ECD64200D57EFD /* Resources */ = {
			isa = PBXResourcesBuildPhase;
			buildActionMask = 2147483647;
			files = (
			);
			runOnlyForDeploymentPostprocessing = 0;
		};
/* End PBXResourcesBuildPhase section */

/* Begin PBXShellScriptBuildPhase section */
		0A0616AF775F919C90178053 /* Check Pods Manifest.lock */ = {
			isa = PBXShellScriptBuildPhase;
			buildActionMask = 2147483647;
			files = (
			);
			inputPaths = (
			);
			name = "Check Pods Manifest.lock";
			outputPaths = (
			);
			runOnlyForDeploymentPostprocessing = 0;
			shellPath = /bin/sh;
			shellScript = "diff \"${PODS_ROOT}/../Podfile.lock\" \"${PODS_ROOT}/Manifest.lock\" > /dev/null\nif [[ $? != 0 ]] ; then\n    cat << EOM\nerror: The sandbox is not in sync with the Podfile.lock. Run 'pod install' or update your CocoaPods installation.\nEOM\n    exit 1\nfi\n";
			showEnvVarsInLog = 0;
		};
		6374014A2AC8633AEDE0BF5D /* Copy Pods Resources */ = {
			isa = PBXShellScriptBuildPhase;
			buildActionMask = 2147483647;
			files = (
			);
			inputPaths = (
			);
			name = "Copy Pods Resources";
			outputPaths = (
			);
			runOnlyForDeploymentPostprocessing = 0;
			shellPath = /bin/sh;
			shellScript = "\"${SRCROOT}/Pods/Target Support Files/Pods/Pods-resources.sh\"\n";
			showEnvVarsInLog = 0;
		};
/* End PBXShellScriptBuildPhase section */

/* Begin PBXSourcesBuildPhase section */
		872ED75919ECD64200D57EFD /* Sources */ = {
			isa = PBXSourcesBuildPhase;
			buildActionMask = 2147483647;
			files = (
				87D81A4A19ECECF8002F2E6E /* MovieDetailViewController.m in Sources */,
				872ED76919ECD64200D57EFD /* ViewController.m in Sources */,
				872ED76619ECD64200D57EFD /* AppDelegate.m in Sources */,
				872ED76319ECD64200D57EFD /* main.m in Sources */,
				872ED78E19ECDCDA00D57EFD /* MovieTableViewCell.m in Sources */,
				872ED78919ECD71E00D57EFD /* MovieListViewController.m in Sources */,
			);
			runOnlyForDeploymentPostprocessing = 0;
		};
		872ED77219ECD64200D57EFD /* Sources */ = {
			isa = PBXSourcesBuildPhase;
			buildActionMask = 2147483647;
			files = (
				872ED77D19ECD64200D57EFD /* rottenFilmsTests.m in Sources */,
			);
			runOnlyForDeploymentPostprocessing = 0;
		};
/* End PBXSourcesBuildPhase section */

/* Begin PBXTargetDependency section */
		872ED77819ECD64200D57EFD /* PBXTargetDependency */ = {
			isa = PBXTargetDependency;
			target = 872ED75C19ECD64200D57EFD /* rottenFilms */;
			targetProxy = 872ED77719ECD64200D57EFD /* PBXContainerItemProxy */;
		};
/* End PBXTargetDependency section */

/* Begin PBXVariantGroup section */
		872ED76A19ECD64200D57EFD /* Main.storyboard */ = {
			isa = PBXVariantGroup;
			children = (
				872ED76B19ECD64200D57EFD /* Base */,
			);
			name = Main.storyboard;
			sourceTree = "<group>";
		};
		872ED76F19ECD64200D57EFD /* LaunchScreen.xib */ = {
			isa = PBXVariantGroup;
			children = (
				872ED77019ECD64200D57EFD /* Base */,
			);
			name = LaunchScreen.xib;
			sourceTree = "<group>";
		};
/* End PBXVariantGroup section */

/* Begin XCBuildConfiguration section */
		872ED77E19ECD64200D57EFD /* Debug */ = {
			isa = XCBuildConfiguration;
			buildSettings = {
				ALWAYS_SEARCH_USER_PATHS = NO;
				CLANG_CXX_LANGUAGE_STANDARD = "gnu++0x";
				CLANG_CXX_LIBRARY = "libc++";
				CLANG_ENABLE_MODULES = YES;
				CLANG_ENABLE_OBJC_ARC = YES;
				CLANG_WARN_BOOL_CONVERSION = YES;
				CLANG_WARN_CONSTANT_CONVERSION = YES;
				CLANG_WARN_DIRECT_OBJC_ISA_USAGE = YES_ERROR;
				CLANG_WARN_EMPTY_BODY = YES;
				CLANG_WARN_ENUM_CONVERSION = YES;
				CLANG_WARN_INT_CONVERSION = YES;
				CLANG_WARN_OBJC_ROOT_CLASS = YES_ERROR;
				CLANG_WARN_UNREACHABLE_CODE = YES;
				CLANG_WARN__DUPLICATE_METHOD_MATCH = YES;
				"CODE_SIGN_IDENTITY[sdk=iphoneos*]" = "iPhone Developer";
				COPY_PHASE_STRIP = NO;
				ENABLE_STRICT_OBJC_MSGSEND = YES;
				GCC_C_LANGUAGE_STANDARD = gnu99;
				GCC_DYNAMIC_NO_PIC = NO;
				GCC_OPTIMIZATION_LEVEL = 0;
				GCC_PREPROCESSOR_DEFINITIONS = (
					"DEBUG=1",
					"$(inherited)",
				);
				GCC_SYMBOLS_PRIVATE_EXTERN = NO;
				GCC_WARN_64_TO_32_BIT_CONVERSION = YES;
				GCC_WARN_ABOUT_RETURN_TYPE = YES_ERROR;
				GCC_WARN_UNDECLARED_SELECTOR = YES;
				GCC_WARN_UNINITIALIZED_AUTOS = YES_AGGRESSIVE;
				GCC_WARN_UNUSED_FUNCTION = YES;
				GCC_WARN_UNUSED_VARIABLE = YES;
				IPHONEOS_DEPLOYMENT_TARGET = 8.0;
				MTL_ENABLE_DEBUG_INFO = YES;
				ONLY_ACTIVE_ARCH = YES;
				SDKROOT = iphoneos;
			};
			name = Debug;
		};
		872ED77F19ECD64200D57EFD /* Release */ = {
			isa = XCBuildConfiguration;
			buildSettings = {
				ALWAYS_SEARCH_USER_PATHS = NO;
				CLANG_CXX_LANGUAGE_STANDARD = "gnu++0x";
				CLANG_CXX_LIBRARY = "libc++";
				CLANG_ENABLE_MODULES = YES;
				CLANG_ENABLE_OBJC_ARC = YES;
				CLANG_WARN_BOOL_CONVERSION = YES;
				CLANG_WARN_CONSTANT_CONVERSION = YES;
				CLANG_WARN_DIRECT_OBJC_ISA_USAGE = YES_ERROR;
				CLANG_WARN_EMPTY_BODY = YES;
				CLANG_WARN_ENUM_CONVERSION = YES;
				CLANG_WARN_INT_CONVERSION = YES;
				CLANG_WARN_OBJC_ROOT_CLASS = YES_ERROR;
				CLANG_WARN_UNREACHABLE_CODE = YES;
				CLANG_WARN__DUPLICATE_METHOD_MATCH = YES;
				"CODE_SIGN_IDENTITY[sdk=iphoneos*]" = "iPhone Developer";
				COPY_PHASE_STRIP = YES;
				ENABLE_NS_ASSERTIONS = NO;
				ENABLE_STRICT_OBJC_MSGSEND = YES;
				GCC_C_LANGUAGE_STANDARD = gnu99;
				GCC_WARN_64_TO_32_BIT_CONVERSION = YES;
				GCC_WARN_ABOUT_RETURN_TYPE = YES_ERROR;
				GCC_WARN_UNDECLARED_SELECTOR = YES;
				GCC_WARN_UNINITIALIZED_AUTOS = YES_AGGRESSIVE;
				GCC_WARN_UNUSED_FUNCTION = YES;
				GCC_WARN_UNUSED_VARIABLE = YES;
				IPHONEOS_DEPLOYMENT_TARGET = 8.0;
				MTL_ENABLE_DEBUG_INFO = NO;
				SDKROOT = iphoneos;
				VALIDATE_PRODUCT = YES;
			};
			name = Release;
		};
		872ED78119ECD64200D57EFD /* Debug */ = {
			isa = XCBuildConfiguration;
			baseConfigurationReference = 2749D58EB8DECA54AECB229C /* Pods.debug.xcconfig */;
			buildSettings = {
				ASSETCATALOG_COMPILER_APPICON_NAME = AppIcon;
				INFOPLIST_FILE = rottenFilms/Info.plist;
				LD_RUNPATH_SEARCH_PATHS = "$(inherited) @executable_path/Frameworks";
				PRODUCT_NAME = "$(TARGET_NAME)";
			};
			name = Debug;
		};
		872ED78219ECD64200D57EFD /* Release */ = {
			isa = XCBuildConfiguration;
			baseConfigurationReference = 2C9D7F9C2B04236A84E04CAA /* Pods.release.xcconfig */;
			buildSettings = {
				ASSETCATALOG_COMPILER_APPICON_NAME = AppIcon;
				INFOPLIST_FILE = rottenFilms/Info.plist;
				LD_RUNPATH_SEARCH_PATHS = "$(inherited) @executable_path/Frameworks";
				PRODUCT_NAME = "$(TARGET_NAME)";
			};
			name = Release;
		};
		872ED78419ECD64200D57EFD /* Debug */ = {
			isa = XCBuildConfiguration;
			buildSettings = {
				BUNDLE_LOADER = "$(TEST_HOST)";
				FRAMEWORK_SEARCH_PATHS = (
					"$(SDKROOT)/Developer/Library/Frameworks",
					"$(inherited)",
				);
				GCC_PREPROCESSOR_DEFINITIONS = (
					"DEBUG=1",
					"$(inherited)",
				);
				INFOPLIST_FILE = rottenFilmsTests/Info.plist;
				LD_RUNPATH_SEARCH_PATHS = "$(inherited) @executable_path/Frameworks @loader_path/Frameworks";
				PRODUCT_NAME = "$(TARGET_NAME)";
				TEST_HOST = "$(BUILT_PRODUCTS_DIR)/rottenFilms.app/rottenFilms";
			};
			name = Debug;
		};
		872ED78519ECD64200D57EFD /* Release */ = {
			isa = XCBuildConfiguration;
			buildSettings = {
				BUNDLE_LOADER = "$(TEST_HOST)";
				FRAMEWORK_SEARCH_PATHS = (
					"$(SDKROOT)/Developer/Library/Frameworks",
					"$(inherited)",
				);
				INFOPLIST_FILE = rottenFilmsTests/Info.plist;
				LD_RUNPATH_SEARCH_PATHS = "$(inherited) @executable_path/Frameworks @loader_path/Frameworks";
				PRODUCT_NAME = "$(TARGET_NAME)";
				TEST_HOST = "$(BUILT_PRODUCTS_DIR)/rottenFilms.app/rottenFilms";
			};
			name = Release;
		};
/* End XCBuildConfiguration section */

/* Begin XCConfigurationList section */
		872ED75819ECD64200D57EFD /* Build configuration list for PBXProject "rottenFilms" */ = {
			isa = XCConfigurationList;
			buildConfigurations = (
				872ED77E19ECD64200D57EFD /* Debug */,
				872ED77F19ECD64200D57EFD /* Release */,
			);
			defaultConfigurationIsVisible = 0;
			defaultConfigurationName = Release;
		};
		872ED78019ECD64200D57EFD /* Build configuration list for PBXNativeTarget "rottenFilms" */ = {
			isa = XCConfigurationList;
			buildConfigurations = (
				872ED78119ECD64200D57EFD /* Debug */,
				872ED78219ECD64200D57EFD /* Release */,
			);
			defaultConfigurationIsVisible = 0;
			defaultConfigurationName = Release;
		};
		872ED78319ECD64200D57EFD /* Build configuration list for PBXNativeTarget "rottenFilmsTests" */ = {
			isa = XCConfigurationList;
			buildConfigurations = (
				872ED78419ECD64200D57EFD /* Debug */,
				872ED78519ECD64200D57EFD /* Release */,
			);
			defaultConfigurationIsVisible = 0;
			defaultConfigurationName = Release;
		};
/* End XCConfigurationList section */
	};
	rootObject = 872ED75519ECD64200D57EFD /* Project object */;
}
